
Microsoft Visual Studio Solution File, Format Version 12.00
# Visual Studio Version 17
VisualStudioVersion = 17.9.34723.18
MinimumVisualStudioVersion = 10.0.40219.1
Project("{FAE04EC0-301F-11D3-BF4B-00C04F79EFBC}") = "ProductsCategoriesManyWithMany", "ProductsCategoriesManyWithMany.csproj", "{409570CD-D47E-4656-88E3-414804ABC927}"
EndProject
Global
	GlobalSection(SolutionConfigurationPlatforms) = preSolution
		Debug|Any CPU = Debug|Any CPU
		Release|Any CPU = Release|Any CPU
	EndGlobalSection
	GlobalSection(ProjectConfigurationPlatforms) = postSolution
		{409570CD-D47E-4656-88E3-414804ABC927}.Debug|Any CPU.ActiveCfg = Debug|Any CPU
		{409570CD-D47E-4656-88E3-414804ABC927}.Debug|Any CPU.Build.0 = Debug|Any CPU
		{409570CD-D47E-4656-88E3-414804ABC927}.Release|Any CPU.ActiveCfg = Release|Any CPU
		{409570CD-D47E-4656-88E3-414804ABC927}.Release|Any CPU.Build.0 = Release|Any CPU
	EndGlobalSection
	GlobalSection(SolutionProperties) = preSolution
		HideSolutionNode = FALSE
	EndGlobalSection
	GlobalSection(ExtensibilityGlobals) = postSolution
		SolutionGuid = {6E8D86AC-F0E8-44E8-A2F9-8C91E3E40B30}
	EndGlobalSection
EndGlobal
